
Microsoft Visual Studio Solution File, Format Version 12.00
# Visual Studio Version 16
VisualStudioVersion = 16.0.30114.105
MinimumVisualStudioVersion = 10.0.40219.1
Project("{2150E333-8FDC-42A3-9474-1A3956D46DE8}") = "src", "src", "{2D4EAD67-FC7B-493B-AC49-1F285FE3D2C3}"
EndProject
Project("{9A19103F-16F7-4668-BE54-9A1E7A4F7556}") = "API", "src\API\API.csproj", "{F906A9AD-49D5-451C-BCEF-6F429D9A3FC6}"
EndProject
Project("{9A19103F-16F7-4668-BE54-9A1E7A4F7556}") = "Common", "src\Common\Common.csproj", "{6619825C-3092-4532-A889-B5779D5D1EC7}"
EndProject
Project("{9A19103F-16F7-4668-BE54-9A1E7A4F7556}") = "Core", "src\Core\Core.csproj", "{FD3E035D-15F8-4D12-B05C-C325D4651EA1}"
EndProject
Project("{9A19103F-16F7-4668-BE54-9A1E7A4F7556}") = "Data", "src\Data\Data.csproj", "{8CA62339-F6C0-424D-8958-D8FC99C49EF7}"
EndProject
Project("{2150E333-8FDC-42A3-9474-1A3956D46DE8}") = "test", "test", "{68F235A9-6FAD-4DCE-9739-4B4B137435A0}"
EndProject
Project("{9A19103F-16F7-4668-BE54-9A1E7A4F7556}") = "IntegrationTests", "test\IntegrationTests\IntegrationTests.csproj", "{24814C18-8D44-4ECE-BD7E-817F7D99CFD4}"
EndProject
Project("{9A19103F-16F7-4668-BE54-9A1E7A4F7556}") = "UnitTests", "test\UnitTests\UnitTests.csproj", "{1F7AF98C-2D09-4E3D-88F1-F02A21E4AB0A}"
EndProject
Project("{2150E333-8FDC-42A3-9474-1A3956D46DE8}") = "Solution Items", "Solution Items", "{BF4EF2BC-DE2F-4F9B-98C7-544D88DD70B0}"
	ProjectSection(SolutionItems) = preProject
		.editorconfig = .editorconfig
	EndProjectSection
EndProject
Global
	GlobalSection(SolutionConfigurationPlatforms) = preSolution
		Debug|Any CPU = Debug|Any CPU
		Debug|x64 = Debug|x64
		Debug|x86 = Debug|x86
		Release|Any CPU = Release|Any CPU
		Release|x64 = Release|x64
		Release|x86 = Release|x86
	EndGlobalSection
	GlobalSection(ProjectConfigurationPlatforms) = postSolution
		{F906A9AD-49D5-451C-BCEF-6F429D9A3FC6}.Debug|Any CPU.ActiveCfg = Debug|Any CPU
		{F906A9AD-49D5-451C-BCEF-6F429D9A3FC6}.Debug|Any CPU.Build.0 = Debug|Any CPU
		{F906A9AD-49D5-451C-BCEF-6F429D9A3FC6}.Debug|x64.ActiveCfg = Debug|Any CPU
		{F906A9AD-49D5-451C-BCEF-6F429D9A3FC6}.Debug|x64.Build.0 = Debug|Any CPU
		{F906A9AD-49D5-451C-BCEF-6F429D9A3FC6}.Debug|x86.ActiveCfg = Debug|Any CPU
		{F906A9AD-49D5-451C-BCEF-6F429D9A3FC6}.Debug|x86.Build.0 = Debug|Any CPU
		{F906A9AD-49D5-451C-BCEF-6F429D9A3FC6}.Release|Any CPU.ActiveCfg = Release|Any CPU
		{F906A9AD-49D5-451C-BCEF-6F429D9A3FC6}.Release|Any CPU.Build.0 = Release|Any CPU
		{F906A9AD-49D5-451C-BCEF-6F429D9A3FC6}.Release|x64.ActiveCfg = Release|Any CPU
		{F906A9AD-49D5-451C-BCEF-6F429D9A3FC6}.Release|x64.Build.0 = Release|Any CPU
		{F906A9AD-49D5-451C-BCEF-6F429D9A3FC6}.Release|x86.ActiveCfg = Release|Any CPU
		{F906A9AD-49D5-451C-BCEF-6F429D9A3FC6}.Release|x86.Build.0 = Release|Any CPU
		{6619825C-3092-4532-A889-B5779D5D1EC7}.Debug|Any CPU.ActiveCfg = Debug|Any CPU
		{6619825C-3092-4532-A889-B5779D5D1EC7}.Debug|Any CPU.Build.0 = Debug|Any CPU
		{6619825C-3092-4532-A889-B5779D5D1EC7}.Debug|x64.ActiveCfg = Debug|Any CPU
		{6619825C-3092-4532-A889-B5779D5D1EC7}.Debug|x64.Build.0 = Debug|Any CPU
		{6619825C-3092-4532-A889-B5779D5D1EC7}.Debug|x86.ActiveCfg = Debug|Any CPU
		{6619825C-3092-4532-A889-B5779D5D1EC7}.Debug|x86.Build.0 = Debug|Any CPU
		{6619825C-3092-4532-A889-B5779D5D1EC7}.Release|Any CPU.ActiveCfg = Release|Any CPU
		{6619825C-3092-4532-A889-B5779D5D1EC7}.Release|Any CPU.Build.0 = Release|Any CPU
		{6619825C-3092-4532-A889-B5779D5D1EC7}.Release|x64.ActiveCfg = Release|Any CPU
		{6619825C-3092-4532-A889-B5779D5D1EC7}.Release|x64.Build.0 = Release|Any CPU
		{6619825C-3092-4532-A889-B5779D5D1EC7}.Release|x86.ActiveCfg = Release|Any CPU
		{6619825C-3092-4532-A889-B5779D5D1EC7}.Release|x86.Build.0 = Release|Any CPU
		{FD3E035D-15F8-4D12-B05C-C325D4651EA1}.Debug|Any CPU.ActiveCfg = Debug|Any CPU
		{FD3E035D-15F8-4D12-B05C-C325D4651EA1}.Debug|Any CPU.Build.0 = Debug|Any CPU
		{FD3E035D-15F8-4D12-B05C-C325D4651EA1}.Debug|x64.ActiveCfg = Debug|Any CPU
		{FD3E035D-15F8-4D12-B05C-C325D4651EA1}.Debug|x64.Build.0 = Debug|Any CPU
		{FD3E035D-15F8-4D12-B05C-C325D4651EA1}.Debug|x86.ActiveCfg = Debug|Any CPU
		{FD3E035D-15F8-4D12-B05C-C325D4651EA1}.Debug|x86.Build.0 = Debug|Any CPU
		{FD3E035D-15F8-4D12-B05C-C325D4651EA1}.Release|Any CPU.ActiveCfg = Release|Any CPU
		{FD3E035D-15F8-4D12-B05C-C325D4651EA1}.Release|Any CPU.Build.0 = Release|Any CPU
		{FD3E035D-15F8-4D12-B05C-C325D4651EA1}.Release|x64.ActiveCfg = Release|Any CPU
		{FD3E035D-15F8-4D12-B05C-C325D4651EA1}.Release|x64.Build.0 = Release|Any CPU
		{FD3E035D-15F8-4D12-B05C-C325D4651EA1}.Release|x86.ActiveCfg = Release|Any CPU
		{FD3E035D-15F8-4D12-B05C-C325D4651EA1}.Release|x86.Build.0 = Release|Any CPU
		{8CA62339-F6C0-424D-8958-D8FC99C49EF7}.Debug|Any CPU.ActiveCfg = Debug|Any CPU
		{8CA62339-F6C0-424D-8958-D8FC99C49EF7}.Debug|Any CPU.Build.0 = Debug|Any CPU
		{8CA62339-F6C0-424D-8958-D8FC99C49EF7}.Debug|x64.ActiveCfg = Debug|Any CPU
		{8CA62339-F6C0-424D-8958-D8FC99C49EF7}.Debug|x64.Build.0 = Debug|Any CPU
		{8CA62339-F6C0-424D-8958-D8FC99C49EF7}.Debug|x86.ActiveCfg = Debug|Any CPU
		{8CA62339-F6C0-424D-8958-D8FC99C49EF7}.Debug|x86.Build.0 = Debug|Any CPU
		{8CA62339-F6C0-424D-8958-D8FC99C49EF7}.Release|Any CPU.ActiveCfg = Release|Any CPU
		{8CA62339-F6C0-424D-8958-D8FC99C49EF7}.Release|Any CPU.Build.0 = Release|Any CPU
		{8CA62339-F6C0-424D-8958-D8FC99C49EF7}.Release|x64.ActiveCfg = Release|Any CPU
		{8CA62339-F6C0-424D-8958-D8FC99C49EF7}.Release|x64.Build.0 = Release|Any CPU
		{8CA62339-F6C0-424D-8958-D8FC99C49EF7}.Release|x86.ActiveCfg = Release|Any CPU
		{8CA62339-F6C0-424D-8958-D8FC99C49EF7}.Release|x86.Build.0 = Release|Any CPU
		{24814C18-8D44-4ECE-BD7E-817F7D99CFD4}.Debug|Any CPU.ActiveCfg = Debug|Any CPU
		{24814C18-8D44-4ECE-BD7E-817F7D99CFD4}.Debug|Any CPU.Build.0 = Debug|Any CPU
		{24814C18-8D44-4ECE-BD7E-817F7D99CFD4}.Debug|x64.ActiveCfg = Debug|Any CPU
		{24814C18-8D44-4ECE-BD7E-817F7D99CFD4}.Debug|x64.Build.0 = Debug|Any CPU
		{24814C18-8D44-4ECE-BD7E-817F7D99CFD4}.Debug|x86.ActiveCfg = Debug|Any CPU
		{24814C18-8D44-4ECE-BD7E-817F7D99CFD4}.Debug|x86.Build.0 = Debug|Any CPU
		{24814C18-8D44-4ECE-BD7E-817F7D99CFD4}.Release|Any CPU.ActiveCfg = Release|Any CPU
		{24814C18-8D44-4ECE-BD7E-817F7D99CFD4}.Release|Any CPU.Build.0 = Release|Any CPU
		{24814C18-8D44-4ECE-BD7E-817F7D99CFD4}.Release|x64.ActiveCfg = Release|Any CPU
		{24814C18-8D44-4ECE-BD7E-817F7D99CFD4}.Release|x64.Build.0 = Release|Any CPU
		{24814C18-8D44-4ECE-BD7E-817F7D99CFD4}.Release|x86.ActiveCfg = Release|Any CPU
		{24814C18-8D44-4ECE-BD7E-817F7D99CFD4}.Release|x86.Build.0 = Release|Any CPU
		{1F7AF98C-2D09-4E3D-88F1-F02A21E4AB0A}.Debug|Any CPU.ActiveCfg = Debug|Any CPU
		{1F7AF98C-2D09-4E3D-88F1-F02A21E4AB0A}.Debug|Any CPU.Build.0 = Debug|Any CPU
		{1F7AF98C-2D09-4E3D-88F1-F02A21E4AB0A}.Debug|x64.ActiveCfg = Debug|Any CPU
		{1F7AF98C-2D09-4E3D-88F1-F02A21E4AB0A}.Debug|x64.Build.0 = Debug|Any CPU
		{1F7AF98C-2D09-4E3D-88F1-F02A21E4AB0A}.Debug|x86.ActiveCfg = Debug|Any CPU
		{1F7AF98C-2D09-4E3D-88F1-F02A21E4AB0A}.Debug|x86.Build.0 = Debug|Any CPU
		{1F7AF98C-2D09-4E3D-88F1-F02A21E4AB0A}.Release|Any CPU.ActiveCfg = Release|Any CPU
		{1F7AF98C-2D09-4E3D-88F1-F02A21E4AB0A}.Release|Any CPU.Build.0 = Release|Any CPU
		{1F7AF98C-2D09-4E3D-88F1-F02A21E4AB0A}.Release|x64.ActiveCfg = Release|Any CPU
		{1F7AF98C-2D09-4E3D-88F1-F02A21E4AB0A}.Release|x64.Build.0 = Release|Any CPU
		{1F7AF98C-2D09-4E3D-88F1-F02A21E4AB0A}.Release|x86.ActiveCfg = Release|Any CPU
		{1F7AF98C-2D09-4E3D-88F1-F02A21E4AB0A}.Release|x86.Build.0 = Release|Any CPU
	EndGlobalSection
	GlobalSection(SolutionProperties) = preSolution
		HideSolutionNode = FALSE
	EndGlobalSection
	GlobalSection(NestedProjects) = preSolution
		{F906A9AD-49D5-451C-BCEF-6F429D9A3FC6} = {2D4EAD67-FC7B-493B-AC49-1F285FE3D2C3}
		{6619825C-3092-4532-A889-B5779D5D1EC7} = {2D4EAD67-FC7B-493B-AC49-1F285FE3D2C3}
		{FD3E035D-15F8-4D12-B05C-C325D4651EA1} = {2D4EAD67-FC7B-493B-AC49-1F285FE3D2C3}
		{8CA62339-F6C0-424D-8958-D8FC99C49EF7} = {2D4EAD67-FC7B-493B-AC49-1F285FE3D2C3}
		{24814C18-8D44-4ECE-BD7E-817F7D99CFD4} = {68F235A9-6FAD-4DCE-9739-4B4B137435A0}
		{1F7AF98C-2D09-4E3D-88F1-F02A21E4AB0A} = {68F235A9-6FAD-4DCE-9739-4B4B137435A0}
	EndGlobalSection
	GlobalSection(ExtensibilityGlobals) = postSolution
		SolutionGuid = {F3ED59E2-72EB-49F6-893A-79516CBD7E36}
	EndGlobalSection
EndGlobal
